Microsoft Visual Studio Solution File, Format Version 10.00
# Visual Studio 2008
Project("{FAE04EC0-301F-11D3-BF4B-00C04F79EFBC}") = "YAPS", "YAPS\YAPS.csproj", "{5D732FCD-10BE-4EB0-A164-78726B651439}"
EndProject
Project("{FAE04EC0-301F-11D3-BF4B-00C04F79EFBC}") = "YAPS_Processors", "YAPS_Processors\YAPS_Processors.csproj", "{0D92E621-A2BD-4185-A1BA-D0EFBE5224F5}"
EndProject
Project("{FAE04EC0-301F-11D3-BF4B-00C04F79EFBC}") = "Design", "Design\Design.csproj", "{20A22975-7A20-4196-B763-64853076F283}"
EndProject
Project("{FAE04EC0-301F-11D3-BF4B-00C04F79EFBC}") = "Documentation and Misc", "Documentation and Misc\Documentation and Misc.csproj", "{7B922A22-8115-4A48-99D0-3B7B48B2F6D1}"
EndProject
Project("{FAE04EC0-301F-11D3-BF4B-00C04F79EFBC}") = "UpdateRecordingSettings", "Documentation and Misc\UpdateRecordingSettings\UpdateRecordingSettings.csproj", "{BF6A2540-D29C-4634-93DD-401441A12FE1}"
EndProject
Project("{FAE04EC0-301F-11D3-BF4B-00C04F79EFBC}") = "PlaylistManager", "PlaylistManager\PlaylistManager.csproj", "{BAD31B1A-9A8B-4D72-A8E7-CE1BF2C752FC}"
EndProject
Project("{FAE04EC0-301F-11D3-BF4B-00C04F79EFBC}") = "EPG", "JMS\EPG\EPG.csproj", "{90D05FCC-70F9-4423-A79F-B8D31BFBC228}"
EndProject
Project("{FAE04EC0-301F-11D3-BF4B-00C04F79EFBC}") = "Cassini", "YAPS_Processors\Cassini\Cassini.csproj", "{A5406045-2A20-4DB7-9FCA-4F2E5EFFCEAC}"
EndProject
Global
	GlobalSection(SolutionConfigurationPlatforms) = preSolution
		Debug - MONO|Any CPU = Debug - MONO|Any CPU
		Debug - MONO|Mixed Platforms = Debug - MONO|Mixed Platforms
		Debug - MONO|Win32 = Debug - MONO|Win32
		Debug|Any CPU = Debug|Any CPU
		Debug|Mixed Platforms = Debug|Mixed Platforms
		Debug|Win32 = Debug|Win32
		Release - MONO|Any CPU = Release - MONO|Any CPU
		Release - MONO|Mixed Platforms = Release - MONO|Mixed Platforms
		Release - MONO|Win32 = Release - MONO|Win32
		Release|Any CPU = Release|Any CPU
		Release|Mixed Platforms = Release|Mixed Platforms
		Release|Win32 = Release|Win32
	EndGlobalSection
	GlobalSection(ProjectConfigurationPlatforms) = postSolution
		{5D732FCD-10BE-4EB0-A164-78726B651439}.Debug - MONO|Any CPU.ActiveCfg = Debug - MONO|Any CPU
		{5D732FCD-10BE-4EB0-A164-78726B651439}.Debug - MONO|Any CPU.Build.0 = Debug - MONO|Any CPU
		{5D732FCD-10BE-4EB0-A164-78726B651439}.Debug - MONO|Mixed Platforms.ActiveCfg = Debug - MONO|Any CPU
		{5D732FCD-10BE-4EB0-A164-78726B651439}.Debug - MONO|Mixed Platforms.Build.0 = Debug - MONO|Any CPU
		{5D732FCD-10BE-4EB0-A164-78726B651439}.Debug - MONO|Win32.ActiveCfg = Debug - MONO|Any CPU
		{5D732FCD-10BE-4EB0-A164-78726B651439}.Debug|Any CPU.ActiveCfg = Debug|Any CPU
		{5D732FCD-10BE-4EB0-A164-78726B651439}.Debug|Any CPU.Build.0 = Debug|Any CPU
		{5D732FCD-10BE-4EB0-A164-78726B651439}.Debug|Mixed Platforms.ActiveCfg = Debug|Any CPU
		{5D732FCD-10BE-4EB0-A164-78726B651439}.Debug|Mixed Platforms.Build.0 = Debug|Any CPU
		{5D732FCD-10BE-4EB0-A164-78726B651439}.Debug|Win32.ActiveCfg = Debug|Any CPU
		{5D732FCD-10BE-4EB0-A164-78726B651439}.Release - MONO|Any CPU.ActiveCfg = Release - MONO|Any CPU
		{5D732FCD-10BE-4EB0-A164-78726B651439}.Release - MONO|Any CPU.Build.0 = Release - MONO|Any CPU
		{5D732FCD-10BE-4EB0-A164-78726B651439}.Release - MONO|Mixed Platforms.ActiveCfg = Release - MONO|Any CPU
		{5D732FCD-10BE-4EB0-A164-78726B651439}.Release - MONO|Mixed Platforms.Build.0 = Release - MONO|Any CPU
		{5D732FCD-10BE-4EB0-A164-78726B651439}.Release - MONO|Win32.ActiveCfg = Release - MONO|Any CPU
		{5D732FCD-10BE-4EB0-A164-78726B651439}.Release|Any CPU.ActiveCfg = Release|Any CPU
		{5D732FCD-10BE-4EB0-A164-78726B651439}.Release|Any CPU.Build.0 = Release|Any CPU
		{5D732FCD-10BE-4EB0-A164-78726B651439}.Release|Mixed Platforms.ActiveCfg = Release|Any CPU
		{5D732FCD-10BE-4EB0-A164-78726B651439}.Release|Mixed Platforms.Build.0 = Release|Any CPU
		{5D732FCD-10BE-4EB0-A164-78726B651439}.Release|Win32.ActiveCfg = Release|Any CPU
		{0D92E621-A2BD-4185-A1BA-D0EFBE5224F5}.Debug - MONO|Any CPU.ActiveCfg = Debug - MONO|Any CPU
		{0D92E621-A2BD-4185-A1BA-D0EFBE5224F5}.Debug - MONO|Any CPU.Build.0 = Debug - MONO|Any CPU
		{0D92E621-A2BD-4185-A1BA-D0EFBE5224F5}.Debug - MONO|Mixed Platforms.ActiveCfg = Debug - MONO|Any CPU
		{0D92E621-A2BD-4185-A1BA-D0EFBE5224F5}.Debug - MONO|Mixed Platforms.Build.0 = Debug - MONO|Any CPU
		{0D92E621-A2BD-4185-A1BA-D0EFBE5224F5}.Debug - MONO|Win32.ActiveCfg = Debug - MONO|Any CPU
		{0D92E621-A2BD-4185-A1BA-D0EFBE5224F5}.Debug|Any CPU.ActiveCfg = Debug|Any CPU
		{0D92E621-A2BD-4185-A1BA-D0EFBE5224F5}.Debug|Any CPU.Build.0 = Debug|Any CPU
		{0D92E621-A2BD-4185-A1BA-D0EFBE5224F5}.Debug|Mixed Platforms.ActiveCfg = Debug|Any CPU
		{0D92E621-A2BD-4185-A1BA-D0EFBE5224F5}.Debug|Mixed Platforms.Build.0 = Debug|Any CPU
		{0D92E621-A2BD-4185-A1BA-D0EFBE5224F5}.Debug|Win32.ActiveCfg = Debug|Any CPU
		{0D92E621-A2BD-4185-A1BA-D0EFBE5224F5}.Release - MONO|Any CPU.ActiveCfg = Release - MONO|Any CPU
		{0D92E621-A2BD-4185-A1BA-D0EFBE5224F5}.Release - MONO|Any CPU.Build.0 = Release - MONO|Any CPU
		{0D92E621-A2BD-4185-A1BA-D0EFBE5224F5}.Release - MONO|Mixed Platforms.ActiveCfg = Release - MONO|Any CPU
		{0D92E621-A2BD-4185-A1BA-D0EFBE5224F5}.Release - MONO|Mixed Platforms.Build.0 = Release - MONO|Any CPU
		{0D92E621-A2BD-4185-A1BA-D0EFBE5224F5}.Release - MONO|Win32.ActiveCfg = Release - MONO|Any CPU
		{0D92E621-A2BD-4185-A1BA-D0EFBE5224F5}.Release|Any CPU.ActiveCfg = Release|Any CPU
		{0D92E621-A2BD-4185-A1BA-D0EFBE5224F5}.Release|Any CPU.Build.0 = Release|Any CPU
		{0D92E621-A2BD-4185-A1BA-D0EFBE5224F5}.Release|Mixed Platforms.ActiveCfg = Release|Any CPU
		{0D92E621-A2BD-4185-A1BA-D0EFBE5224F5}.Release|Mixed Platforms.Build.0 = Release|Any CPU
		{0D92E621-A2BD-4185-A1BA-D0EFBE5224F5}.Release|Win32.ActiveCfg = Release|Any CPU
		{20A22975-7A20-4196-B763-64853076F283}.Debug - MONO|Any CPU.ActiveCfg = Debug - MONO|Any CPU
		{20A22975-7A20-4196-B763-64853076F283}.Debug - MONO|Mixed Platforms.ActiveCfg = Debug - MONO|Any CPU
		{20A22975-7A20-4196-B763-64853076F283}.Debug - MONO|Win32.ActiveCfg = Debug - MONO|Any CPU
		{20A22975-7A20-4196-B763-64853076F283}.Debug|Any CPU.ActiveCfg = Debug|Any CPU
		{20A22975-7A20-4196-B763-64853076F283}.Debug|Mixed Platforms.ActiveCfg = Debug|Any CPU
		{20A22975-7A20-4196-B763-64853076F283}.Debug|Win32.ActiveCfg = Debug|Any CPU
		{20A22975-7A20-4196-B763-64853076F283}.Release - MONO|Any CPU.ActiveCfg = Release - MONO|Any CPU
		{20A22975-7A20-4196-B763-64853076F283}.Release - MONO|Any CPU.Build.0 = Release - MONO|Any CPU
		{20A22975-7A20-4196-B763-64853076F283}.Release - MONO|Mixed Platforms.ActiveCfg = Release - MONO|Any CPU
		{20A22975-7A20-4196-B763-64853076F283}.Release - MONO|Win32.ActiveCfg = Release - MONO|Any CPU
		{20A22975-7A20-4196-B763-64853076F283}.Release|Any CPU.ActiveCfg = Release|Any CPU
		{20A22975-7A20-4196-B763-64853076F283}.Release|Any CPU.Build.0 = Release|Any CPU
		{20A22975-7A20-4196-B763-64853076F283}.Release|Mixed Platforms.ActiveCfg = Release|Any CPU
		{20A22975-7A20-4196-B763-64853076F283}.Release|Win32.ActiveCfg = Release|Any CPU
		{7B922A22-8115-4A48-99D0-3B7B48B2F6D1}.Debug - MONO|Any CPU.ActiveCfg = Debug - MONO|Any CPU
		{7B922A22-8115-4A48-99D0-3B7B48B2F6D1}.Debug - MONO|Mixed Platforms.ActiveCfg = Debug - MONO|Any CPU
		{7B922A22-8115-4A48-99D0-3B7B48B2F6D1}.Debug - MONO|Win32.ActiveCfg = Debug - MONO|Any CPU
		{7B922A22-8115-4A48-99D0-3B7B48B2F6D1}.Debug|Any CPU.ActiveCfg = Debug|Any CPU
		{7B922A22-8115-4A48-99D0-3B7B48B2F6D1}.Debug|Mixed Platforms.ActiveCfg = Debug|Any CPU
		{7B922A22-8115-4A48-99D0-3B7B48B2F6D1}.Debug|Win32.ActiveCfg = Debug|Any CPU
		{7B922A22-8115-4A48-99D0-3B7B48B2F6D1}.Release - MONO|Any CPU.ActiveCfg = Release - MONO|Any CPU
		{7B922A22-8115-4A48-99D0-3B7B48B2F6D1}.Release - MONO|Any CPU.Build.0 = Release - MONO|Any CPU
		{7B922A22-8115-4A48-99D0-3B7B48B2F6D1}.Release - MONO|Mixed Platforms.ActiveCfg = Release - MONO|Any CPU
		{7B922A22-8115-4A48-99D0-3B7B48B2F6D1}.Release - MONO|Win32.ActiveCfg = Release - MONO|Any CPU
		{7B922A22-8115-4A48-99D0-3B7B48B2F6D1}.Release|Any CPU.ActiveCfg = Release|Any CPU
		{7B922A22-8115-4A48-99D0-3B7B48B2F6D1}.Release|Any CPU.Build.0 = Release|Any CPU
		{7B922A22-8115-4A48-99D0-3B7B48B2F6D1}.Release|Mixed Platforms.ActiveCfg = Release|Any CPU
		{7B922A22-8115-4A48-99D0-3B7B48B2F6D1}.Release|Win32.ActiveCfg = Release|Any CPU
		{BF6A2540-D29C-4634-93DD-401441A12FE1}.Debug - MONO|Any CPU.ActiveCfg = Debug - MONO|Any CPU
		{BF6A2540-D29C-4634-93DD-401441A12FE1}.Debug - MONO|Mixed Platforms.ActiveCfg = Debug - MONO|Any CPU
		{BF6A2540-D29C-4634-93DD-401441A12FE1}.Debug - MONO|Win32.ActiveCfg = Debug - MONO|Any CPU
		{BF6A2540-D29C-4634-93DD-401441A12FE1}.Debug|Any CPU.ActiveCfg = Debug|Any CPU
		{BF6A2540-D29C-4634-93DD-401441A12FE1}.Debug|Mixed Platforms.ActiveCfg = Debug|Any CPU
		{BF6A2540-D29C-4634-93DD-401441A12FE1}.Debug|Win32.ActiveCfg = Debug|Any CPU
		{BF6A2540-D29C-4634-93DD-401441A12FE1}.Release - MONO|Any CPU.ActiveCfg = Release - MONO|Any CPU
		{BF6A2540-D29C-4634-93DD-401441A12FE1}.Release - MONO|Any CPU.Build.0 = Release - MONO|Any CPU
		{BF6A2540-D29C-4634-93DD-401441A12FE1}.Release - MONO|Mixed Platforms.ActiveCfg = Release - MONO|Any CPU
		{BF6A2540-D29C-4634-93DD-401441A12FE1}.Release - MONO|Win32.ActiveCfg = Release - MONO|Any CPU
		{BF6A2540-D29C-4634-93DD-401441A12FE1}.Release|Any CPU.ActiveCfg = Release|Any CPU
		{BF6A2540-D29C-4634-93DD-401441A12FE1}.Release|Any CPU.Build.0 = Release|Any CPU
		{BF6A2540-D29C-4634-93DD-401441A12FE1}.Release|Mixed Platforms.ActiveCfg = Release|Any CPU
		{BF6A2540-D29C-4634-93DD-401441A12FE1}.Release|Win32.ActiveCfg = Release|Any CPU
		{BAD31B1A-9A8B-4D72-A8E7-CE1BF2C752FC}.Debug - MONO|Any CPU.ActiveCfg = Debug|Any CPU
		{BAD31B1A-9A8B-4D72-A8E7-CE1BF2C752FC}.Debug - MONO|Any CPU.Build.0 = Debug|Any CPU
		{BAD31B1A-9A8B-4D72-A8E7-CE1BF2C752FC}.Debug - MONO|Mixed Platforms.ActiveCfg = Debug|Any CPU
		{BAD31B1A-9A8B-4D72-A8E7-CE1BF2C752FC}.Debug - MONO|Mixed Platforms.Build.0 = Debug|Any CPU
		{BAD31B1A-9A8B-4D72-A8E7-CE1BF2C752FC}.Debug - MONO|Win32.ActiveCfg = Debug|Any CPU
		{BAD31B1A-9A8B-4D72-A8E7-CE1BF2C752FC}.Debug|Any CPU.ActiveCfg = Debug|Any CPU
		{BAD31B1A-9A8B-4D72-A8E7-CE1BF2C752FC}.Debug|Any CPU.Build.0 = Debug|Any CPU
		{BAD31B1A-9A8B-4D72-A8E7-CE1BF2C752FC}.Debug|Mixed Platforms.ActiveCfg = Debug|Any CPU
		{BAD31B1A-9A8B-4D72-A8E7-CE1BF2C752FC}.Debug|Mixed Platforms.Build.0 = Debug|Any CPU
		{BAD31B1A-9A8B-4D72-A8E7-CE1BF2C752FC}.Debug|Win32.ActiveCfg = Debug|Any CPU
		{BAD31B1A-9A8B-4D72-A8E7-CE1BF2C752FC}.Release - MONO|Any CPU.ActiveCfg = Release|Any CPU
		{BAD31B1A-9A8B-4D72-A8E7-CE1BF2C752FC}.Release - MONO|Any CPU.Build.0 = Release|Any CPU
		{BAD31B1A-9A8B-4D72-A8E7-CE1BF2C752FC}.Release - MONO|Mixed Platforms.ActiveCfg = Release|Any CPU
		{BAD31B1A-9A8B-4D72-A8E7-CE1BF2C752FC}.Release - MONO|Mixed Platforms.Build.0 = Release|Any CPU
		{BAD31B1A-9A8B-4D72-A8E7-CE1BF2C752FC}.Release - MONO|Win32.ActiveCfg = Release|Any CPU
		{BAD31B1A-9A8B-4D72-A8E7-CE1BF2C752FC}.Release|Any CPU.ActiveCfg = Release|Any CPU
		{BAD31B1A-9A8B-4D72-A8E7-CE1BF2C752FC}.Release|Any CPU.Build.0 = Release|Any CPU
		{BAD31B1A-9A8B-4D72-A8E7-CE1BF2C752FC}.Release|Mixed Platforms.ActiveCfg = Release|Any CPU
		{BAD31B1A-9A8B-4D72-A8E7-CE1BF2C752FC}.Release|Mixed Platforms.Build.0 = Release|Any CPU
		{BAD31B1A-9A8B-4D72-A8E7-CE1BF2C752FC}.Release|Win32.ActiveCfg = Release|Any CPU
		{90D05FCC-70F9-4423-A79F-B8D31BFBC228}.Debug - MONO|Any CPU.ActiveCfg = Debug|Any CPU
		{90D05FCC-70F9-4423-A79F-B8D31BFBC228}.Debug - MONO|Any CPU.Build.0 = Debug|Any CPU
		{90D05FCC-70F9-4423-A79F-B8D31BFBC228}.Debug - MONO|Mixed Platforms.ActiveCfg = Debug|Any CPU
		{90D05FCC-70F9-4423-A79F-B8D31BFBC228}.Debug - MONO|Mixed Platforms.Build.0 = Debug|Any CPU
		{90D05FCC-70F9-4423-A79F-B8D31BFBC228}.Debug - MONO|Win32.ActiveCfg = Debug|Any CPU
		{90D05FCC-70F9-4423-A79F-B8D31BFBC228}.Debug|Any CPU.ActiveCfg = Debug|Any CPU
		{90D05FCC-70F9-4423-A79F-B8D31BFBC228}.Debug|Any CPU.Build.0 = Debug|Any CPU
		{90D05FCC-70F9-4423-A79F-B8D31BFBC228}.Debug|Mixed Platforms.ActiveCfg = Debug|Any CPU
		{90D05FCC-70F9-4423-A79F-B8D31BFBC228}.Debug|Mixed Platforms.Build.0 = Debug|Any CPU
		{90D05FCC-70F9-4423-A79F-B8D31BFBC228}.Debug|Win32.ActiveCfg = Debug|Any CPU
		{90D05FCC-70F9-4423-A79F-B8D31BFBC228}.Release - MONO|Any CPU.ActiveCfg = Release|Any CPU
		{90D05FCC-70F9-4423-A79F-B8D31BFBC228}.Release - MONO|Any CPU.Build.0 = Release|Any CPU
		{90D05FCC-70F9-4423-A79F-B8D31BFBC228}.Release - MONO|Mixed Platforms.ActiveCfg = Release|Any CPU
		{90D05FCC-70F9-4423-A79F-B8D31BFBC228}.Release - MONO|Mixed Platforms.Build.0 = Release|Any CPU
		{90D05FCC-70F9-4423-A79F-B8D31BFBC228}.Release - MONO|Win32.ActiveCfg = Release|Any CPU
		{90D05FCC-70F9-4423-A79F-B8D31BFBC228}.Release|Any CPU.ActiveCfg = Release|Any CPU
		{90D05FCC-70F9-4423-A79F-B8D31BFBC228}.Release|Any CPU.Build.0 = Release|Any CPU
		{90D05FCC-70F9-4423-A79F-B8D31BFBC228}.Release|Mixed Platforms.ActiveCfg = Release|Any CPU
		{90D05FCC-70F9-4423-A79F-B8D31BFBC228}.Release|Mixed Platforms.Build.0 = Release|Any CPU
		{90D05FCC-70F9-4423-A79F-B8D31BFBC228}.Release|Win32.ActiveCfg = Release|Any CPU
		{A5406045-2A20-4DB7-9FCA-4F2E5EFFCEAC}.Debug - MONO|Any CPU.ActiveCfg = Debug|Any CPU
		{A5406045-2A20-4DB7-9FCA-4F2E5EFFCEAC}.Debug - MONO|Any CPU.Build.0 = Debug|Any CPU
		{A5406045-2A20-4DB7-9FCA-4F2E5EFFCEAC}.Debug - MONO|Mixed Platforms.ActiveCfg = Debug|Any CPU
		{A5406045-2A20-4DB7-9FCA-4F2E5EFFCEAC}.Debug - MONO|Mixed Platforms.Build.0 = Debug|Any CPU
		{A5406045-2A20-4DB7-9FCA-4F2E5EFFCEAC}.Debug - MONO|Win32.ActiveCfg = Debug|Any CPU
		{A5406045-2A20-4DB7-9FCA-4F2E5EFFCEAC}.Debug|Any CPU.ActiveCfg = Debug|Any CPU
		{A5406045-2A20-4DB7-9FCA-4F2E5EFFCEAC}.Debug|Any CPU.Build.0 = Debug|Any CPU
		{A5406045-2A20-4DB7-9FCA-4F2E5EFFCEAC}.Debug|Mixed Platforms.ActiveCfg = Debug|Any CPU
		{A5406045-2A20-4DB7-9FCA-4F2E5EFFCEAC}.Debug|Mixed Platforms.Build.0 = Debug|Any CPU
		{A5406045-2A20-4DB7-9FCA-4F2E5EFFCEAC}.Debug|Win32.ActiveCfg = Debug|Any CPU
		{A5406045-2A20-4DB7-9FCA-4F2E5EFFCEAC}.Release - MONO|Any CPU.ActiveCfg = Release|Any CPU
		{A5406045-2A20-4DB7-9FCA-4F2E5EFFCEAC}.Release - MONO|Any CPU.Build.0 = Release|Any CPU
		{A5406045-2A20-4DB7-9FCA-4F2E5EFFCEAC}.Release - MONO|Mixed Platforms.ActiveCfg = Release|Any CPU
		{A5406045-2A20-4DB7-9FCA-4F2E5EFFCEAC}.Release - MONO|Mixed Platforms.Build.0 = Release|Any CPU
		{A5406045-2A20-4DB7-9FCA-4F2E5EFFCEAC}.Release - MONO|Win32.ActiveCfg = Release|Any CPU
		{A5406045-2A20-4DB7-9FCA-4F2E5EFFCEAC}.Release|Any CPU.ActiveCfg = Release|Any CPU
		{A5406045-2A20-4DB7-9FCA-4F2E5EFFCEAC}.Release|Any CPU.Build.0 = Release|Any CPU
		{A5406045-2A20-4DB7-9FCA-4F2E5EFFCEAC}.Release|Mixed Platforms.ActiveCfg = Release|Any CPU
		{A5406045-2A20-4DB7-9FCA-4F2E5EFFCEAC}.Release|Mixed Platforms.Build.0 = Release|Any CPU
		{A5406045-2A20-4DB7-9FCA-4F2E5EFFCEAC}.Release|Win32.ActiveCfg = Release|Any CPU
	EndGlobalSection
	GlobalSection(SolutionProperties) = preSolution
		HideSolutionNode = FALSE
	EndGlobalSection
EndGlobal
