
Microsoft Visual Studio Solution File, Format Version 9.00
# Visual Studio 2005
Project("{FAE04EC0-301F-11D3-BF4B-00C04F79EFBC}") = "multicastedEPG", "multicastedEPG\multicastedEPG.csproj", "{17BC6564-5EE1-4280-8527-B85D10CB29C7}"
EndProject
Project("{FAE04EC0-301F-11D3-BF4B-00C04F79EFBC}") = "EPG", "EPG\EPG.csproj", "{90D05FCC-70F9-4423-A79F-B8D31BFBC228}"
EndProject
Global
	GlobalSection(SolutionConfigurationPlatforms) = preSolution
		Debug|Any CPU = Debug|Any CPU
		Release|Any CPU = Release|Any CPU
	EndGlobalSection
	GlobalSection(ProjectConfigurationPlatforms) = postSolution
		{17BC6564-5EE1-4280-8527-B85D10CB29C7}.Debug|Any CPU.ActiveCfg = Debug|Any CPU
		{17BC6564-5EE1-4280-8527-B85D10CB29C7}.Debug|Any CPU.Build.0 = Debug|Any CPU
		{17BC6564-5EE1-4280-8527-B85D10CB29C7}.Release|Any CPU.ActiveCfg = Release|Any CPU
		{17BC6564-5EE1-4280-8527-B85D10CB29C7}.Release|Any CPU.Build.0 = Release|Any CPU
		{90D05FCC-70F9-4423-A79F-B8D31BFBC228}.Debug|Any CPU.ActiveCfg = Debug|Any CPU
		{90D05FCC-70F9-4423-A79F-B8D31BFBC228}.Debug|Any CPU.Build.0 = Debug|Any CPU
		{90D05FCC-70F9-4423-A79F-B8D31BFBC228}.Release|Any CPU.ActiveCfg = Release|Any CPU
		{90D05FCC-70F9-4423-A79F-B8D31BFBC228}.Release|Any CPU.Build.0 = Release|Any CPU
	EndGlobalSection
	GlobalSection(SolutionProperties) = preSolution
		HideSolutionNode = FALSE
	EndGlobalSection
EndGlobal
